
Microsoft Visual Studio Solution File, Format Version 12.00
# Visual Studio Version 17
VisualStudioVersion = 17.11.35327.3
MinimumVisualStudioVersion = 10.0.40219.1
Project("{9A19103F-16F7-4668-BE54-9A1E7A4F7556}") = "Ratings.API", "Ratings.API\Ratings.API.csproj", "{FD3DEE74-5003-42AF-9F62-9E219405225D}"
EndProject
Project("{2150E333-8FDC-42A3-9474-1A3956D46DE8}") = "Solution Items", "Solution Items", "{329DD7FE-A1F5-413B-ADA3-8E58DB2180F9}"
	ProjectSection(SolutionItems) = preProject
		.editorconfig = .editorconfig
		README.txt = README.txt
	EndProjectSection
EndProject
Global
	GlobalSection(SolutionConfigurationPlatforms) = preSolution
		Debug|Any CPU = Debug|Any CPU
		Release|Any CPU = Release|Any CPU
	EndGlobalSection
	GlobalSection(ProjectConfigurationPlatforms) = postSolution
		{FD3DEE74-5003-42AF-9F62-9E219405225D}.Debug|Any CPU.ActiveCfg = Debug|Any CPU
		{FD3DEE74-5003-42AF-9F62-9E219405225D}.Debug|Any CPU.Build.0 = Debug|Any CPU
		{FD3DEE74-5003-42AF-9F62-9E219405225D}.Release|Any CPU.ActiveCfg = Release|Any CPU
		{FD3DEE74-5003-42AF-9F62-9E219405225D}.Release|Any CPU.Build.0 = Release|Any CPU
	EndGlobalSection
	GlobalSection(SolutionProperties) = preSolution
		HideSolutionNode = FALSE
	EndGlobalSection
	GlobalSection(ExtensibilityGlobals) = postSolution
		SolutionGuid = {B29BEE02-FD80-493C-9E22-B4CA63E8DC0D}
	EndGlobalSection
EndGlobal
